lockfileVersion: '9.0'

settings:
  autoInstallPeers: true
  excludeLinksFromLockfile: false

importers:

  .:
    dependencies:
      class-transformer:
        specifier: ^0.5.1
        version: 0.5.1
      class-validator:
        specifier: ^0.14.3
        version: 0.14.3
    devDependencies:
      '@repo/eslint-config':
        specifier: workspace:*
        version: link:../../packages/eslint-config
      '@repo/typescript-config':
        specifier: workspace:*
        version: link:../../packages/typescript-config

packages:

  '@types/validator@13.15.10':
    resolution: {integrity: sha512-T8L6i7wCuyoK8A/ZeLYt1+q0ty3Zb9+qbSSvrIVitzT3YjZqkTZ40IbRsPanlB4h1QB3JVL1SYCdR6ngtFYcuA==}

  class-transformer@0.5.1:
    resolution: {integrity: sha512-SQa1Ws6hUbfC98vKGxZH3KFY0Y1lm5Zm0SY8XX9zbK7FJCyVEac3ATW0RIpwzW+oOfmHE5PMPufDG9hCfoEOMw==}

  class-validator@0.14.3:
    resolution: {integrity: sha512-rXXekcjofVN1LTOSw+u4u9WXVEUvNBVjORW154q/IdmYWy1nMbOU9aNtZB0t8m+FJQ9q91jlr2f9CwwUFdFMRA==}

  libphonenumber-js@1.12.34:
    resolution: {integrity: sha512-v/Ip8k8eYdp7bINpzqDh46V/PaQ8sK+qi97nMQgjZzFlb166YFqlR/HVI+MzsI9JqcyyVWCOipmmretiaSyQyw==}

  validator@13.15.26:
    resolution: {integrity: sha512-spH26xU080ydGggxRyR1Yhcbgx+j3y5jbNXk/8L+iRvdIEQ4uTRH2Sgf2dokud6Q4oAtsbNvJ1Ft+9xmm6IZcA==}
    engines: {node: '>= 0.10'}

snapshots:

  '@types/validator@13.15.10': {}

  class-transformer@0.5.1: {}

  class-validator@0.14.3:
    dependencies:
      '@types/validator': 13.15.10
      libphonenumber-js: 1.12.34
      validator: 13.15.26

  libphonenumber-js@1.12.34: {}

  validator@13.15.26: {}
